// !$*UTF8*$!
{
	archiveVersion = 1;
	classes = {
	};
	objectVersion = 55;
	objects = {

/* Begin PBXBuildFile section */
		57334F492774DF63004E9F97 /* UIColor.swift in Sources */ = {isa = PBXBuildFile; fileRef = 57334F482774DF63004E9F97 /* UIColor.swift */; };
		57BAC12027731C0100AC63C9 /* AppDelegate.swift in Sources */ = {isa = PBXBuildFile; fileRef = 57BAC11F27731C0100AC63C9 /* AppDelegate.swift */; };
		57BAC12227731C0100AC63C9 /* SceneDelegate.swift in Sources */ = {isa = PBXBuildFile; fileRef = 57BAC12127731C0100AC63C9 /* SceneDelegate.swift */; };
		57BAC12427731C0100AC63C9 /* ViewController.swift in Sources */ = {isa = PBXBuildFile; fileRef = 57BAC12327731C0100AC63C9 /* ViewController.swift */; };
		57BAC12C27731C0800AC63C9 /* LaunchScreen.storyboard in Resources */ = {isa = PBXBuildFile; fileRef = 57BAC12A27731C0800AC63C9 /* LaunchScreen.storyboard */; };
		57BAC15527731F0800AC63C9 /* APIService.swift in Sources */ = {isa = PBXBuildFile; fileRef = 57BAC15427731F0800AC63C9 /* APIService.swift */; };
		57BAC15727731F3D00AC63C9 /* Header.swift in Sources */ = {isa = PBXBuildFile; fileRef = 57BAC15627731F3D00AC63C9 /* Header.swift */; };
		57BAC159277320BD00AC63C9 /* Endpoints.swift in Sources */ = {isa = PBXBuildFile; fileRef = 57BAC158277320BD00AC63C9 /* Endpoints.swift */; };
		57BAC15B2773212600AC63C9 /* DatasListBanks.swift in Sources */ = {isa = PBXBuildFile; fileRef = 57BAC15A2773212600AC63C9 /* DatasListBanks.swift */; };
		57BAC15D2773279200AC63C9 /* Host.swift in Sources */ = {isa = PBXBuildFile; fileRef = 57BAC15C2773279200AC63C9 /* Host.swift */; };
		57BAC15F27732B3500AC63C9 /* ErrorAPI.swift in Sources */ = {isa = PBXBuildFile; fileRef = 57BAC15E27732B3500AC63C9 /* ErrorAPI.swift */; };
		57BAC1622773480C00AC63C9 /* CellBank.swift in Sources */ = {isa = PBXBuildFile; fileRef = 57BAC1612773480C00AC63C9 /* CellBank.swift */; };
		57BAC16427734E2D00AC63C9 /* ListOfBanksView.swift in Sources */ = {isa = PBXBuildFile; fileRef = 57BAC16327734E2D00AC63C9 /* ListOfBanksView.swift */; };
		57BAC16A27736AE700AC63C9 /* BanksViewModel.swift in Sources */ = {isa = PBXBuildFile; fileRef = 57BAC16927736AE700AC63C9 /* BanksViewModel.swift */; };
		57F76BE3277DD529003FCEA9 /* Assets.xcassets in Resources */ = {isa = PBXBuildFile; fileRef = 57F76BE2277DD529003FCEA9 /* Assets.xcassets */; };
		57F76BE6277DDA03003FCEA9 /* ObjectsBank.swift in Sources */ = {isa = PBXBuildFile; fileRef = 57F76BE5277DDA03003FCEA9 /* ObjectsBank.swift */; };
		57F76BE9277F2118003FCEA9 /* DatasListBanksTest.swift in Sources */ = {isa = PBXBuildFile; fileRef = 57F76BE8277F2118003FCEA9 /* DatasListBanksTest.swift */; };
		57F76BEB277F2420003FCEA9 /* ObjectsBankTest.swift in Sources */ = {isa = PBXBuildFile; fileRef = 57F76BEA277F2420003FCEA9 /* ObjectsBankTest.swift */; };
		57F76BEE277F28BF003FCEA9 /* APIServiceTest.swift in Sources */ = {isa = PBXBuildFile; fileRef = 57F76BED277F28BF003FCEA9 /* APIServiceTest.swift */; };
		57F76BF0277F3491003FCEA9 /* UserViewModel.swift in Sources */ = {isa = PBXBuildFile; fileRef = 57F76BEF277F3491003FCEA9 /* UserViewModel.swift */; };
/* End PBXBuildFile section */

/* Begin PBXContainerItemProxy section */
		57BAC13327731C0900AC63C9 /* PBXContainerItemProxy */ = {
			isa = PBXContainerItemProxy;
			containerPortal = 57BAC11427731C0100AC63C9 /* Project object */;
			proxyType = 1;
			remoteGlobalIDString = 57BAC11B27731C0100AC63C9;
			remoteInfo = BankinChallenge;
		};
		57BAC13D27731C0900AC63C9 /* PBXContainerItemProxy */ = {
			isa = PBXContainerItemProxy;
			containerPortal = 57BAC11427731C0100AC63C9 /* Project object */;
			proxyType = 1;
			remoteGlobalIDString = 57BAC11B27731C0100AC63C9;
			remoteInfo = BankinChallenge;
		};
/* End PBXContainerItemProxy section */

/* Begin PBXFileReference section */
		57334F482774DF63004E9F97 /* UIColor.swift */ = {isa = PBXFileReference; lastKnownFileType = sourcecode.swift; path = UIColor.swift; sourceTree = "<group>"; };
		57BAC11C27731C0100AC63C9 /* BankinChallenge.app */ = {isa = PBXFileReference; explicitFileType = wrapper.application; includeInIndex = 0; path = BankinChallenge.app; sourceTree = BUILT_PRODUCTS_DIR; };
		57BAC11F27731C0100AC63C9 /* AppDelegate.swift */ = {isa = PBXFileReference; lastKnownFileType = sourcecode.swift; path = AppDelegate.swift; sourceTree = "<group>"; };
		57BAC12127731C0100AC63C9 /* SceneDelegate.swift */ = {isa = PBXFileReference; lastKnownFileType = sourcecode.swift; path = SceneDelegate.swift; sourceTree = "<group>"; };
		57BAC12327731C0100AC63C9 /* ViewController.swift */ = {isa = PBXFileReference; lastKnownFileType = sourcecode.swift; path = ViewController.swift; sourceTree = "<group>"; };
		57BAC12B27731C0800AC63C9 /* Base */ = {isa = PBXFileReference; lastKnownFileType = file.storyboard; name = Base; path = Base.lproj/LaunchScreen.storyboard; sourceTree = "<group>"; };
		57BAC12D27731C0800AC63C9 /* Info.plist */ = {isa = PBXFileReference; lastKnownFileType = text.plist.xml; path = Info.plist; sourceTree = "<group>"; };
		57BAC13227731C0900AC63C9 /* BankinChallengeTests.xctest */ = {isa = PBXFileReference; explicitFileType = wrapper.cfbundle; includeInIndex = 0; path = BankinChallengeTests.xctest; sourceTree = BUILT_PRODUCTS_DIR; };
		57BAC13C27731C0900AC63C9 /* BankinChallengeUITests.xctest */ = {isa = PBXFileReference; explicitFileType = wrapper.cfbundle; includeInIndex = 0; path = BankinChallengeUITests.xctest; sourceTree = BUILT_PRODUCTS_DIR; };
		57BAC15427731F0800AC63C9 /* APIService.swift */ = {isa = PBXFileReference; lastKnownFileType = sourcecode.swift; path = APIService.swift; sourceTree = "<group>"; };
		57BAC15627731F3D00AC63C9 /* Header.swift */ = {isa = PBXFileReference; lastKnownFileType = sourcecode.swift; path = Header.swift; sourceTree = "<group>"; };
		57BAC158277320BD00AC63C9 /* Endpoints.swift */ = {isa = PBXFileReference; lastKnownFileType = sourcecode.swift; path = Endpoints.swift; sourceTree = "<group>"; };
		57BAC15A2773212600AC63C9 /* DatasListBanks.swift */ = {isa = PBXFileReference; lastKnownFileType = sourcecode.swift; path = DatasListBanks.swift; sourceTree = "<group>"; };
		57BAC15C2773279200AC63C9 /* Host.swift */ = {isa = PBXFileReference; lastKnownFileType = sourcecode.swift; path = Host.swift; sourceTree = "<group>"; };
		57BAC15E27732B3500AC63C9 /* ErrorAPI.swift */ = {isa = PBXFileReference; lastKnownFileType = sourcecode.swift; path = ErrorAPI.swift; sourceTree = "<group>"; };
		57BAC1612773480C00AC63C9 /* CellBank.swift */ = {isa = PBXFileReference; lastKnownFileType = sourcecode.swift; path = CellBank.swift; sourceTree = "<group>"; };
		57BAC16327734E2D00AC63C9 /* ListOfBanksView.swift */ = {isa = PBXFileReference; lastKnownFileType = sourcecode.swift; path = ListOfBanksView.swift; sourceTree = "<group>"; };
		57BAC16927736AE700AC63C9 /* BanksViewModel.swift */ = {isa = PBXFileReference; lastKnownFileType = sourcecode.swift; path = BanksViewModel.swift; sourceTree = "<group>"; };
		57F76BE2277DD529003FCEA9 /* Assets.xcassets */ = {isa = PBXFileReference; lastKnownFileType = folder.assetcatalog; name = Assets.xcassets; path = "../../../../../../../Desktop/worldBeers-master/WorldBeers/Assets.xcassets"; sourceTree = "<group>"; };
		57F76BE5277DDA03003FCEA9 /* ObjectsBank.swift */ = {isa = PBXFileReference; lastKnownFileType = sourcecode.swift; path = ObjectsBank.swift; sourceTree = "<group>"; };
		57F76BE8277F2118003FCEA9 /* DatasListBanksTest.swift */ = {isa = PBXFileReference; lastKnownFileType = sourcecode.swift; path = DatasListBanksTest.swift; sourceTree = "<group>"; };
		57F76BEA277F2420003FCEA9 /* ObjectsBankTest.swift */ = {isa = PBXFileReference; lastKnownFileType = sourcecode.swift; path = ObjectsBankTest.swift; sourceTree = "<group>"; };
		57F76BED277F28BF003FCEA9 /* APIServiceTest.swift */ = {isa = PBXFileReference; lastKnownFileType = sourcecode.swift; path = APIServiceTest.swift; sourceTree = "<group>"; };
		57F76BEF277F3491003FCEA9 /* UserViewModel.swift */ = {isa = PBXFileReference; lastKnownFileType = sourcecode.swift; path = UserViewModel.swift; sourceTree = "<group>"; };
/* End PBXFileReference section */

/* Begin PBXFrameworksBuildPhase section */
		57BAC11927731C0100AC63C9 /* Frameworks */ = {
			isa = PBXFrameworksBuildPhase;
			buildActionMask = 2147483647;
			files = (
			);
			runOnlyForDeploymentPostprocessing = 0;
		};
		57BAC12F27731C0900AC63C9 /* Frameworks */ = {
			isa = PBXFrameworksBuildPhase;
			buildActionMask = 2147483647;
			files = (
			);
			runOnlyForDeploymentPostprocessing = 0;
		};
		57BAC13927731C0900AC63C9 /* Frameworks */ = {
			isa = PBXFrameworksBuildPhase;
			buildActionMask = 2147483647;
			files = (
			);
			runOnlyForDeploymentPostprocessing = 0;
		};
/* End PBXFrameworksBuildPhase section */

/* Begin PBXGroup section */
		57334F472774DF51004E9F97 /* Extension */ = {
			isa = PBXGroup;
			children = (
				57334F482774DF63004E9F97 /* UIColor.swift */,
			);
			path = Extension;
			sourceTree = "<group>";
		};
		5764F47A277C731200CDDA1C /* ViewModels */ = {
			isa = PBXGroup;
			children = (
				57BAC16927736AE700AC63C9 /* BanksViewModel.swift */,
				57F76BEF277F3491003FCEA9 /* UserViewModel.swift */,
			);
			path = ViewModels;
			sourceTree = "<group>";
		};
		57BAC11327731C0100AC63C9 = {
			isa = PBXGroup;
			children = (
				57BAC11E27731C0100AC63C9 /* BankinChallenge */,
				57BAC13527731C0900AC63C9 /* BankinChallengeTests */,
				57BAC11D27731C0100AC63C9 /* Products */,
			);
			sourceTree = "<group>";
		};
		57BAC11D27731C0100AC63C9 /* Products */ = {
			isa = PBXGroup;
			children = (
				57BAC11C27731C0100AC63C9 /* BankinChallenge.app */,
				57BAC13227731C0900AC63C9 /* BankinChallengeTests.xctest */,
				57BAC13C27731C0900AC63C9 /* BankinChallengeUITests.xctest */,
			);
			name = Products;
			sourceTree = "<group>";
		};
		57BAC11E27731C0100AC63C9 /* BankinChallenge */ = {
			isa = PBXGroup;
			children = (
				57BAC14F27731C1900AC63C9 /* Common */,
				57BAC15327731E9F00AC63C9 /* API Service */,
				57F76BE4277DD9AB003FCEA9 /* Models */,
				57BAC15227731D7500AC63C9 /* View */,
				5764F47A277C731200CDDA1C /* ViewModels */,
				57BAC15027731C2900AC63C9 /* Controller */,
				57334F472774DF51004E9F97 /* Extension */,
				57BAC16E2774BF8900AC63C9 /* Vendor */,
				57BAC12D27731C0800AC63C9 /* Info.plist */,
			);
			path = BankinChallenge;
			sourceTree = "<group>";
		};
		57BAC13527731C0900AC63C9 /* BankinChallengeTests */ = {
			isa = PBXGroup;
			children = (
				57F76BEC277F2878003FCEA9 /* API Service */,
				57F76BE7277F20DD003FCEA9 /* Models */,
			);
			path = BankinChallengeTests;
			sourceTree = "<group>";
		};
		57BAC14F27731C1900AC63C9 /* Common */ = {
			isa = PBXGroup;
			children = (
				57BAC11F27731C0100AC63C9 /* AppDelegate.swift */,
				57BAC12127731C0100AC63C9 /* SceneDelegate.swift */,
			);
			path = Common;
			sourceTree = "<group>";
		};
		57BAC15027731C2900AC63C9 /* Controller */ = {
			isa = PBXGroup;
			children = (
				57BAC12327731C0100AC63C9 /* ViewController.swift */,
			);
			path = Controller;
			sourceTree = "<group>";
		};
		57BAC15227731D7500AC63C9 /* View */ = {
			isa = PBXGroup;
			children = (
				57BAC16327734E2D00AC63C9 /* ListOfBanksView.swift */,
				57BAC1612773480C00AC63C9 /* CellBank.swift */,
			);
			path = View;
			sourceTree = "<group>";
		};
		57BAC15327731E9F00AC63C9 /* API Service */ = {
			isa = PBXGroup;
			children = (
				57BAC15427731F0800AC63C9 /* APIService.swift */,
				57BAC15C2773279200AC63C9 /* Host.swift */,
				57BAC158277320BD00AC63C9 /* Endpoints.swift */,
				57BAC15627731F3D00AC63C9 /* Header.swift */,
				57BAC15E27732B3500AC63C9 /* ErrorAPI.swift */,
			);
			path = "API Service";
			sourceTree = "<group>";
		};
		57BAC16E2774BF8900AC63C9 /* Vendor */ = {
			isa = PBXGroup;
			children = (
				57F76BE2277DD529003FCEA9 /* Assets.xcassets */,
				57BAC12A27731C0800AC63C9 /* LaunchScreen.storyboard */,
			);
			path = Vendor;
			sourceTree = "<group>";
		};
		57F76BE4277DD9AB003FCEA9 /* Models */ = {
			isa = PBXGroup;
			children = (
				57BAC15A2773212600AC63C9 /* DatasListBanks.swift */,
				57F76BE5277DDA03003FCEA9 /* ObjectsBank.swift */,
			);
			path = Models;
			sourceTree = "<group>";
		};
		57F76BE7277F20DD003FCEA9 /* Models */ = {
			isa = PBXGroup;
			children = (
				57F76BE8277F2118003FCEA9 /* DatasListBanksTest.swift */,
				57F76BEA277F2420003FCEA9 /* ObjectsBankTest.swift */,
			);
			path = Models;
			sourceTree = "<group>";
		};
		57F76BEC277F2878003FCEA9 /* API Service */ = {
			isa = PBXGroup;
			children = (
				57F76BED277F28BF003FCEA9 /* APIServiceTest.swift */,
			);
			path = "API Service";
			sourceTree = "<group>";
		};
/* End PBXGroup section */

/* Begin PBXNativeTarget section */
		57BAC11B27731C0100AC63C9 /* BankinChallenge */ = {
			isa = PBXNativeTarget;
			buildConfigurationList = 57BAC14627731C0900AC63C9 /* Build configuration list for PBXNativeTarget "BankinChallenge" */;
			buildPhases = (
				57BAC11827731C0100AC63C9 /* Sources */,
				57BAC11927731C0100AC63C9 /* Frameworks */,
				57BAC11A27731C0100AC63C9 /* Resources */,
			);
			buildRules = (
			);
			dependencies = (
			);
			name = BankinChallenge;
			productName = BankinChallenge;
			productReference = 57BAC11C27731C0100AC63C9 /* BankinChallenge.app */;
			productType = "com.apple.product-type.application";
		};
		57BAC13127731C0900AC63C9 /* BankinChallengeTests */ = {
			isa = PBXNativeTarget;
			buildConfigurationList = 57BAC14927731C0900AC63C9 /* Build configuration list for PBXNativeTarget "BankinChallengeTests" */;
			buildPhases = (
				57BAC12E27731C0900AC63C9 /* Sources */,
				57BAC12F27731C0900AC63C9 /* Frameworks */,
				57BAC13027731C0900AC63C9 /* Resources */,
			);
			buildRules = (
			);
			dependencies = (
				57BAC13427731C0900AC63C9 /* PBXTargetDependency */,
			);
			name = BankinChallengeTests;
			productName = BankinChallengeTests;
			productReference = 57BAC13227731C0900AC63C9 /* BankinChallengeTests.xctest */;
			productType = "com.apple.product-type.bundle.unit-test";
		};
		57BAC13B27731C0900AC63C9 /* BankinChallengeUITests */ = {
			isa = PBXNativeTarget;
			buildConfigurationList = 57BAC14C27731C0900AC63C9 /* Build configuration list for PBXNativeTarget "BankinChallengeUITests" */;
			buildPhases = (
				57BAC13827731C0900AC63C9 /* Sources */,
				57BAC13927731C0900AC63C9 /* Frameworks */,
				57BAC13A27731C0900AC63C9 /* Resources */,
			);
			buildRules = (
			);
			dependencies = (
				57BAC13E27731C0900AC63C9 /* PBXTargetDependency */,
			);
			name = BankinChallengeUITests;
			productName = BankinChallengeUITests;
			productReference = 57BAC13C27731C0900AC63C9 /* BankinChallengeUITests.xctest */;
			productType = "com.apple.product-type.bundle.ui-testing";
		};
/* End PBXNativeTarget section */

/* Begin PBXProject section */
		57BAC11427731C0100AC63C9 /* Project object */ = {
			isa = PBXProject;
			attributes = {
				BuildIndependentTargetsInParallel = 1;
				LastSwiftUpdateCheck = 1310;
				LastUpgradeCheck = 1310;
				TargetAttributes = {
					57BAC11B27731C0100AC63C9 = {
						CreatedOnToolsVersion = 13.1;
					};
					57BAC13127731C0900AC63C9 = {
						CreatedOnToolsVersion = 13.1;
						TestTargetID = 57BAC11B27731C0100AC63C9;
					};
					57BAC13B27731C0900AC63C9 = {
						CreatedOnToolsVersion = 13.1;
						TestTargetID = 57BAC11B27731C0100AC63C9;
					};
				};
			};
			buildConfigurationList = 57BAC11727731C0100AC63C9 /* Build configuration list for PBXProject "BankinChallenge" */;
			compatibilityVersion = "Xcode 13.0";
			developmentRegion = en;
			hasScannedForEncodings = 0;
			knownRegions = (
				en,
				Base,
			);
			mainGroup = 57BAC11327731C0100AC63C9;
			productRefGroup = 57BAC11D27731C0100AC63C9 /* Products */;
			projectDirPath = "";
			projectRoot = "";
			targets = (
				57BAC11B27731C0100AC63C9 /* BankinChallenge */,
				57BAC13127731C0900AC63C9 /* BankinChallengeTests */,
				57BAC13B27731C0900AC63C9 /* BankinChallengeUITests */,
			);
		};
/* End PBXProject section */

/* Begin PBXResourcesBuildPhase section */
		57BAC11A27731C0100AC63C9 /* Resources */ = {
			isa = PBXResourcesBuildPhase;
			buildActionMask = 2147483647;
			files = (
				57F76BE3277DD529003FCEA9 /* Assets.xcassets in Resources */,
				57BAC12C27731C0800AC63C9 /* LaunchScreen.storyboard in Resources */,
			);
			runOnlyForDeploymentPostprocessing = 0;
		};
		57BAC13027731C0900AC63C9 /* Resources */ = {
			isa = PBXResourcesBuildPhase;
			buildActionMask = 2147483647;
			files = (
			);
			runOnlyForDeploymentPostprocessing = 0;
		};
		57BAC13A27731C0900AC63C9 /* Resources */ = {
			isa = PBXResourcesBuildPhase;
			buildActionMask = 2147483647;
			files = (
			);
			runOnlyForDeploymentPostprocessing = 0;
		};
/* End PBXResourcesBuildPhase section */

/* Begin PBXSourcesBuildPhase section */
		57BAC11827731C0100AC63C9 /* Sources */ = {
			isa = PBXSourcesBuildPhase;
			buildActionMask = 2147483647;
			files = (
				57BAC15D2773279200AC63C9 /* Host.swift in Sources */,
				57334F492774DF63004E9F97 /* UIColor.swift in Sources */,
				57BAC15F27732B3500AC63C9 /* ErrorAPI.swift in Sources */,
				57BAC12427731C0100AC63C9 /* ViewController.swift in Sources */,
				57BAC12027731C0100AC63C9 /* AppDelegate.swift in Sources */,
				57BAC15727731F3D00AC63C9 /* Header.swift in Sources */,
				57BAC15B2773212600AC63C9 /* DatasListBanks.swift in Sources */,
				57BAC16427734E2D00AC63C9 /* ListOfBanksView.swift in Sources */,
				57F76BE6277DDA03003FCEA9 /* ObjectsBank.swift in Sources */,
				57BAC159277320BD00AC63C9 /* Endpoints.swift in Sources */,
				57BAC15527731F0800AC63C9 /* APIService.swift in Sources */,
				57BAC16A27736AE700AC63C9 /* BanksViewModel.swift in Sources */,
				57BAC12227731C0100AC63C9 /* SceneDelegate.swift in Sources */,
				57F76BF0277F3491003FCEA9 /* UserViewModel.swift in Sources */,
				57BAC1622773480C00AC63C9 /* CellBank.swift in Sources */,
			);
			runOnlyForDeploymentPostprocessing = 0;
		};
		57BAC12E27731C0900AC63C9 /* Sources */ = {
			isa = PBXSourcesBuildPhase;
			buildActionMask = 2147483647;
			files = (
				57F76BEE277F28BF003FCEA9 /* APIServiceTest.swift in Sources */,
				57F76BEB277F2420003FCEA9 /* ObjectsBankTest.swift in Sources */,
				57F76BE9277F2118003FCEA9 /* DatasListBanksTest.swift in Sources */,
			);
			runOnlyForDeploymentPostprocessing = 0;
		};
		57BAC13827731C0900AC63C9 /* Sources */ = {
			isa = PBXSourcesBuildPhase;
			buildActionMask = 2147483647;
			files = (
			);
			runOnlyForDeploymentPostprocessing = 0;
		};
/* End PBXSourcesBuildPhase section */

/* Begin PBXTargetDependency section */
		57BAC13427731C0900AC63C9 /* PBXTargetDependency */ = {
			isa = PBXTargetDependency;
			target = 57BAC11B27731C0100AC63C9 /* BankinChallenge */;
			targetProxy = 57BAC13327731C0900AC63C9 /* PBXContainerItemProxy */;
		};
		57BAC13E27731C0900AC63C9 /* PBXTargetDependency */ = {
			isa = PBXTargetDependency;
			target = 57BAC11B27731C0100AC63C9 /* BankinChallenge */;
			targetProxy = 57BAC13D27731C0900AC63C9 /* PBXContainerItemProxy */;
		};
/* End PBXTargetDependency section */

/* Begin PBXVariantGroup section */
		57BAC12A27731C0800AC63C9 /* LaunchScreen.storyboard */ = {
			isa = PBXVariantGroup;
			children = (
				57BAC12B27731C0800AC63C9 /* Base */,
			);
			name = LaunchScreen.storyboard;
			sourceTree = "<group>";
		};
/* End PBXVariantGroup section */

/* Begin XCBuildConfiguration section */
		57BAC14427731C0900AC63C9 /* Debug */ = {
			isa = XCBuildConfiguration;
			buildSettings = {
				ALWAYS_SEARCH_USER_PATHS = NO;
				CLANG_ANALYZER_NONNULL = YES;
				CLANG_ANALYZER_NUMBER_OBJECT_CONVERSION = YES_AGGRESSIVE;
				CLANG_CXX_LANGUAGE_STANDARD = "gnu++17";
				CLANG_CXX_LIBRARY = "libc++";
				CLANG_ENABLE_MODULES = YES;
				CLANG_ENABLE_OBJC_ARC = YES;
				CLANG_ENABLE_OBJC_WEAK = YES;
				CLANG_WARN_BLOCK_CAPTURE_AUTORELEASING = YES;
				CLANG_WARN_BOOL_CONVERSION = YES;
				CLANG_WARN_COMMA = YES;
				CLANG_WARN_CONSTANT_CONVERSION = YES;
				CLANG_WARN_DEPRECATED_OBJC_IMPLEMENTATIONS = YES;
				CLANG_WARN_DIRECT_OBJC_ISA_USAGE = YES_ERROR;
				CLANG_WARN_DOCUMENTATION_COMMENTS = YES;
				CLANG_WARN_EMPTY_BODY = YES;
				CLANG_WARN_ENUM_CONVERSION = YES;
				CLANG_WARN_INFINITE_RECURSION = YES;
				CLANG_WARN_INT_CONVERSION = YES;
				CLANG_WARN_NON_LITERAL_NULL_CONVERSION = YES;
				CLANG_WARN_OBJC_IMPLICIT_RETAIN_SELF = YES;
				CLANG_WARN_OBJC_LITERAL_CONVERSION = YES;
				CLANG_WARN_OBJC_ROOT_CLASS = YES_ERROR;
				CLANG_WARN_QUOTED_INCLUDE_IN_FRAMEWORK_HEADER = YES;
				CLANG_WARN_RANGE_LOOP_ANALYSIS = YES;
				CLANG_WARN_STRICT_PROTOTYPES = YES;
				CLANG_WARN_SUSPICIOUS_MOVE = YES;
				CLANG_WARN_UNGUARDED_AVAILABILITY = YES_AGGRESSIVE;
				CLANG_WARN_UNREACHABLE_CODE = YES;
				CLANG_WARN__DUPLICATE_METHOD_MATCH = YES;
				COPY_PHASE_STRIP = NO;
				DEBUG_INFORMATION_FORMAT = dwarf;
				ENABLE_STRICT_OBJC_MSGSEND = YES;
				ENABLE_TESTABILITY = YES;
				GCC_C_LANGUAGE_STANDARD = gnu11;
				GCC_DYNAMIC_NO_PIC = NO;
				GCC_NO_COMMON_BLOCKS = YES;
				GCC_OPTIMIZATION_LEVEL = 0;
				GCC_PREPROCESSOR_DEFINITIONS = (
					"DEBUG=1",
					"$(inherited)",
				);
				GCC_WARN_64_TO_32_BIT_CONVERSION = YES;
				GCC_WARN_ABOUT_RETURN_TYPE = YES_ERROR;
				GCC_WARN_UNDECLARED_SELECTOR = YES;
				GCC_WARN_UNINITIALIZED_AUTOS = YES_AGGRESSIVE;
				GCC_WARN_UNUSED_FUNCTION = YES;
				GCC_WARN_UNUSED_VARIABLE = YES;
				IPHONEOS_DEPLOYMENT_TARGET = 15.0;
				MTL_ENABLE_DEBUG_INFO = INCLUDE_SOURCE;
				MTL_FAST_MATH = YES;
				ONLY_ACTIVE_ARCH = YES;
				SDKROOT = iphoneos;
				SWIFT_ACTIVE_COMPILATION_CONDITIONS = DEBUG;
				SWIFT_OPTIMIZATION_LEVEL = "-Onone";
			};
			name = Debug;
		};
		57BAC14527731C0900AC63C9 /* Release */ = {
			isa = XCBuildConfiguration;
			buildSettings = {
				ALWAYS_SEARCH_USER_PATHS = NO;
				CLANG_ANALYZER_NONNULL = YES;
				CLANG_ANALYZER_NUMBER_OBJECT_CONVERSION = YES_AGGRESSIVE;
				CLANG_CXX_LANGUAGE_STANDARD = "gnu++17";
				CLANG_CXX_LIBRARY = "libc++";
				CLANG_ENABLE_MODULES = YES;
				CLANG_ENABLE_OBJC_ARC = YES;
				CLANG_ENABLE_OBJC_WEAK = YES;
				CLANG_WARN_BLOCK_CAPTURE_AUTORELEASING = YES;
				CLANG_WARN_BOOL_CONVERSION = YES;
				CLANG_WARN_COMMA = YES;
				CLANG_WARN_CONSTANT_CONVERSION = YES;
				CLANG_WARN_DEPRECATED_OBJC_IMPLEMENTATIONS = YES;
				CLANG_WARN_DIRECT_OBJC_ISA_USAGE = YES_ERROR;
				CLANG_WARN_DOCUMENTATION_COMMENTS = YES;
				CLANG_WARN_EMPTY_BODY = YES;
				CLANG_WARN_ENUM_CONVERSION = YES;
				CLANG_WARN_INFINITE_RECURSION = YES;
				CLANG_WARN_INT_CONVERSION = YES;
				CLANG_WARN_NON_LITERAL_NULL_CONVERSION = YES;
				CLANG_WARN_OBJC_IMPLICIT_RETAIN_SELF = YES;
				CLANG_WARN_OBJC_LITERAL_CONVERSION = YES;
				CLANG_WARN_OBJC_ROOT_CLASS = YES_ERROR;
				CLANG_WARN_QUOTED_INCLUDE_IN_FRAMEWORK_HEADER = YES;
				CLANG_WARN_RANGE_LOOP_ANALYSIS = YES;
				CLANG_WARN_STRICT_PROTOTYPES = YES;
				CLANG_WARN_SUSPICIOUS_MOVE = YES;
				CLANG_WARN_UNGUARDED_AVAILABILITY = YES_AGGRESSIVE;
				CLANG_WARN_UNREACHABLE_CODE = YES;
				CLANG_WARN__DUPLICATE_METHOD_MATCH = YES;
				COPY_PHASE_STRIP = NO;
				DEBUG_INFORMATION_FORMAT = "dwarf-with-dsym";
				ENABLE_NS_ASSERTIONS = NO;
				ENABLE_STRICT_OBJC_MSGSEND = YES;
				GCC_C_LANGUAGE_STANDARD = gnu11;
				GCC_NO_COMMON_BLOCKS = YES;
				GCC_WARN_64_TO_32_BIT_CONVERSION = YES;
				GCC_WARN_ABOUT_RETURN_TYPE = YES_ERROR;
				GCC_WARN_UNDECLARED_SELECTOR = YES;
				GCC_WARN_UNINITIALIZED_AUTOS = YES_AGGRESSIVE;
				GCC_WARN_UNUSED_FUNCTION = YES;
				GCC_WARN_UNUSED_VARIABLE = YES;
				IPHONEOS_DEPLOYMENT_TARGET = 15.0;
				MTL_ENABLE_DEBUG_INFO = NO;
				MTL_FAST_MATH = YES;
				SDKROOT = iphoneos;
				SWIFT_COMPILATION_MODE = wholemodule;
				SWIFT_OPTIMIZATION_LEVEL = "-O";
				VALIDATE_PRODUCT = YES;
			};
			name = Release;
		};
		57BAC14727731C0900AC63C9 /* Debug */ = {
			isa = XCBuildConfiguration;
			buildSettings = {
				ASSETCATALOG_COMPILER_APPICON_NAME = AppIcon;
				ASSETCATALOG_COMPILER_GLOBAL_ACCENT_COLOR_NAME = AccentColor;
				CODE_SIGN_STYLE = Automatic;
				CURRENT_PROJECT_VERSION = 1;
				DEVELOPMENT_TEAM = T7YRJ446D9;
				GENERATE_INFOPLIST_FILE = YES;
				INFOPLIST_FILE = BankinChallenge/Info.plist;
				INFOPLIST_KEY_UIApplicationSupportsIndirectInputEvents = YES;
				INFOPLIST_KEY_UILaunchStoryboardName = LaunchScreen;
				INFOPLIST_KEY_UISupportedInterfaceOrientations_iPad = "UIInterfaceOrientationPortrait UIInterfaceOrientationPortraitUpsideDown UIInterfaceOrientationLandscapeLeft UIInterfaceOrientationLandscapeRight";
				INFOPLIST_KEY_UISupportedInterfaceOrientations_iPhone = "UIInterfaceOrientationPortrait UIInterfaceOrientationLandscapeLeft UIInterfaceOrientationLandscapeRight";
				LD_RUNPATH_SEARCH_PATHS = (
					"$(inherited)",
					"@executable_path/Frameworks",
				);
				MARKETING_VERSION = 1.0;
				PRODUCT_BUNDLE_IDENTIFIER = com.alexandrelegros.BankinChallenge;
				PRODUCT_NAME = "$(TARGET_NAME)";
				SWIFT_EMIT_LOC_STRINGS = YES;
				SWIFT_VERSION = 5.0;
				TARGETED_DEVICE_FAMILY = "1,2";
			};
			name = Debug;
		};
		57BAC14827731C0900AC63C9 /* Release */ = {
			isa = XCBuildConfiguration;
			buildSettings = {
				ASSETCATALOG_COMPILER_APPICON_NAME = AppIcon;
				ASSETCATALOG_COMPILER_GLOBAL_ACCENT_COLOR_NAME = AccentColor;
				CODE_SIGN_STYLE = Automatic;
				CURRENT_PROJECT_VERSION = 1;
				DEVELOPMENT_TEAM = T7YRJ446D9;
				GENERATE_INFOPLIST_FILE = YES;
				INFOPLIST_FILE = BankinChallenge/Info.plist;
				INFOPLIST_KEY_UIApplicationSupportsIndirectInputEvents = YES;
				INFOPLIST_KEY_UILaunchStoryboardName = LaunchScreen;
				INFOPLIST_KEY_UISupportedInterfaceOrientations_iPad = "UIInterfaceOrientationPortrait UIInterfaceOrientationPortraitUpsideDown UIInterfaceOrientationLandscapeLeft UIInterfaceOrientationLandscapeRight";
				INFOPLIST_KEY_UISupportedInterfaceOrientations_iPhone = "UIInterfaceOrientationPortrait UIInterfaceOrientationLandscapeLeft UIInterfaceOrientationLandscapeRight";
				LD_RUNPATH_SEARCH_PATHS = (
					"$(inherited)",
					"@executable_path/Frameworks",
				);
				MARKETING_VERSION = 1.0;
				PRODUCT_BUNDLE_IDENTIFIER = com.alexandrelegros.BankinChallenge;
				PRODUCT_NAME = "$(TARGET_NAME)";
				SWIFT_EMIT_LOC_STRINGS = YES;
				SWIFT_VERSION = 5.0;
				TARGETED_DEVICE_FAMILY = "1,2";
			};
			name = Release;
		};
		57BAC14A27731C0900AC63C9 /* Debug */ = {
			isa = XCBuildConfiguration;
			buildSettings = {
				ALWAYS_EMBED_SWIFT_STANDARD_LIBRARIES = YES;
				BUNDLE_LOADER = "$(TEST_HOST)";
				CODE_SIGN_STYLE = Automatic;
				CURRENT_PROJECT_VERSION = 1;
				DEVELOPMENT_TEAM = T7YRJ446D9;
				GENERATE_INFOPLIST_FILE = YES;
				IPHONEOS_DEPLOYMENT_TARGET = 15.0;
				LD_RUNPATH_SEARCH_PATHS = (
					"$(inherited)",
					"@executable_path/Frameworks",
					"@loader_path/Frameworks",
				);
				MARKETING_VERSION = 1.0;
				PRODUCT_BUNDLE_IDENTIFIER = com.alexandrelegros.BankinChallengeTests;
				PRODUCT_NAME = "$(TARGET_NAME)";
				SWIFT_EMIT_LOC_STRINGS = NO;
				SWIFT_VERSION = 5.0;
				TARGETED_DEVICE_FAMILY = "1,2";
				TEST_HOST = "$(BUILT_PRODUCTS_DIR)/BankinChallenge.app/BankinChallenge";
			};
			name = Debug;
		};
		57BAC14B27731C0900AC63C9 /* Release */ = {
			isa = XCBuildConfiguration;
			buildSettings = {
				ALWAYS_EMBED_SWIFT_STANDARD_LIBRARIES = YES;
				BUNDLE_LOADER = "$(TEST_HOST)";
				CODE_SIGN_STYLE = Automatic;
				CURRENT_PROJECT_VERSION = 1;
				DEVELOPMENT_TEAM = T7YRJ446D9;
				GENERATE_INFOPLIST_FILE = YES;
				IPHONEOS_DEPLOYMENT_TARGET = 15.0;
				LD_RUNPATH_SEARCH_PATHS = (
					"$(inherited)",
					"@executable_path/Frameworks",
					"@loader_path/Frameworks",
				);
				MARKETING_VERSION = 1.0;
				PRODUCT_BUNDLE_IDENTIFIER = com.alexandrelegros.BankinChallengeTests;
				PRODUCT_NAME = "$(TARGET_NAME)";
				SWIFT_EMIT_LOC_STRINGS = NO;
				SWIFT_VERSION = 5.0;
				TARGETED_DEVICE_FAMILY = "1,2";
				TEST_HOST = "$(BUILT_PRODUCTS_DIR)/BankinChallenge.app/BankinChallenge";
			};
			name = Release;
		};
		57BAC14D27731C0900AC63C9 /* Debug */ = {
			isa = XCBuildConfiguration;
			buildSettings = {
				ALWAYS_EMBED_SWIFT_STANDARD_LIBRARIES = YES;
				CODE_SIGN_STYLE = Automatic;
				CURRENT_PROJECT_VERSION = 1;
				DEVELOPMENT_TEAM = T7YRJ446D9;
				GENERATE_INFOPLIST_FILE = YES;
				LD_RUNPATH_SEARCH_PATHS = (
					"$(inherited)",
					"@executable_path/Frameworks",
					"@loader_path/Frameworks",
				);
				MARKETING_VERSION = 1.0;
				PRODUCT_BUNDLE_IDENTIFIER = com.alexandrelegros.BankinChallengeUITests;
				PRODUCT_NAME = "$(TARGET_NAME)";
				SWIFT_EMIT_LOC_STRINGS = NO;
				SWIFT_VERSION = 5.0;
				TARGETED_DEVICE_FAMILY = "1,2";
				TEST_TARGET_NAME = BankinChallenge;
			};
			name = Debug;
		};
		57BAC14E27731C0900AC63C9 /* Release */ = {
			isa = XCBuildConfiguration;
			buildSettings = {
				ALWAYS_EMBED_SWIFT_STANDARD_LIBRARIES = YES;
				CODE_SIGN_STYLE = Automatic;
				CURRENT_PROJECT_VERSION = 1;
				DEVELOPMENT_TEAM = T7YRJ446D9;
				GENERATE_INFOPLIST_FILE = YES;
				LD_RUNPATH_SEARCH_PATHS = (
					"$(inherited)",
					"@executable_path/Frameworks",
					"@loader_path/Frameworks",
				);
				MARKETING_VERSION = 1.0;
				PRODUCT_BUNDLE_IDENTIFIER = com.alexandrelegros.BankinChallengeUITests;
				PRODUCT_NAME = "$(TARGET_NAME)";
				SWIFT_EMIT_LOC_STRINGS = NO;
				SWIFT_VERSION = 5.0;
				TARGETED_DEVICE_FAMILY = "1,2";
				TEST_TARGET_NAME = BankinChallenge;
			};
			name = Release;
		};
/* End XCBuildConfiguration section */

/* Begin XCConfigurationList section */
		57BAC11727731C0100AC63C9 /* Build configuration list for PBXProject "BankinChallenge" */ = {
			isa = XCConfigurationList;
			buildConfigurations = (
				57BAC14427731C0900AC63C9 /* Debug */,
				57BAC14527731C0900AC63C9 /* Release */,
			);
			defaultConfigurationIsVisible = 0;
			defaultConfigurationName = Release;
		};
		57BAC14627731C0900AC63C9 /* Build configuration list for PBXNativeTarget "BankinChallenge" */ = {
			isa = XCConfigurationList;
			buildConfigurations = (
				57BAC14727731C0900AC63C9 /* Debug */,
				57BAC14827731C0900AC63C9 /* Release */,
			);
			defaultConfigurationIsVisible = 0;
			defaultConfigurationName = Release;
		};
		57BAC14927731C0900AC63C9 /* Build configuration list for PBXNativeTarget "BankinChallengeTests" */ = {
			isa = XCConfigurationList;
			buildConfigurations = (
				57BAC14A27731C0900AC63C9 /* Debug */,
				57BAC14B27731C0900AC63C9 /* Release */,
			);
			defaultConfigurationIsVisible = 0;
			defaultConfigurationName = Release;
		};
		57BAC14C27731C0900AC63C9 /* Build configuration list for PBXNativeTarget "BankinChallengeUITests" */ = {
			isa = XCConfigurationList;
			buildConfigurations = (
				57BAC14D27731C0900AC63C9 /* Debug */,
				57BAC14E27731C0900AC63C9 /* Release */,
			);
			defaultConfigurationIsVisible = 0;
			defaultConfigurationName = Release;
		};
/* End XCConfigurationList section */
	};
	rootObject = 57BAC11427731C0100AC63C9 /* Project object */;
}
